
Microsoft Visual Studio Solution File, Format Version 12.00
# Visual Studio 2017
Project("{FAE04EC0-301F-11D3-BF4B-00C04F79EFBC}") = "MindExplorerVR.Plugins", "MindExplorerVR.Plugins.csproj", "{0D236129-FE15-3EA0-0850-06B145232054}"
EndProject
Project("{FAE04EC0-301F-11D3-BF4B-00C04F79EFBC}") = "MindExplorerVR", "MindExplorerVR.csproj", "{36A83CE7-D557-3149-C00A-669EFC8936E7}"
EndProject
Project("{FAE04EC0-301F-11D3-BF4B-00C04F79EFBC}") = "MindExplorerVR.Editor", "MindExplorerVR.Editor.csproj", "{3F58963C-0345-D077-2211-A90DE72C34C1}"
EndProject
Global
	GlobalSection(SolutionConfigurationPlatforms) = preSolution
		Debug|Any CPU = Debug|Any CPU
		Release|Any CPU = Release|Any CPU
	EndGlobalSection
	GlobalSection(ProjectConfigurationPlatforms) = postSolution
		{0D236129-FE15-3EA0-0850-06B145232054}.Debug|Any CPU.ActiveCfg = Debug|Any CPU
		{0D236129-FE15-3EA0-0850-06B145232054}.Debug|Any CPU.Build.0 = Debug|Any CPU
		{0D236129-FE15-3EA0-0850-06B145232054}.Release|Any CPU.ActiveCfg = Release|Any CPU
		{0D236129-FE15-3EA0-0850-06B145232054}.Release|Any CPU.Build.0 = Release|Any CPU
		{36A83CE7-D557-3149-C00A-669EFC8936E7}.Debug|Any CPU.ActiveCfg = Debug|Any CPU
		{36A83CE7-D557-3149-C00A-669EFC8936E7}.Debug|Any CPU.Build.0 = Debug|Any CPU
		{36A83CE7-D557-3149-C00A-669EFC8936E7}.Release|Any CPU.ActiveCfg = Release|Any CPU
		{36A83CE7-D557-3149-C00A-669EFC8936E7}.Release|Any CPU.Build.0 = Release|Any CPU
		{3F58963C-0345-D077-2211-A90DE72C34C1}.Debug|Any CPU.ActiveCfg = Debug|Any CPU
		{3F58963C-0345-D077-2211-A90DE72C34C1}.Debug|Any CPU.Build.0 = Debug|Any CPU
		{3F58963C-0345-D077-2211-A90DE72C34C1}.Release|Any CPU.ActiveCfg = Release|Any CPU
		{3F58963C-0345-D077-2211-A90DE72C34C1}.Release|Any CPU.Build.0 = Release|Any CPU
	EndGlobalSection
	GlobalSection(SolutionProperties) = preSolution
		HideSolutionNode = FALSE
	EndGlobalSection
EndGlobal
